
Microsoft Visual Studio Solution File, Format Version 12.00
# Visual Studio 2017
Project("{FAE04EC0-301F-11D3-BF4B-00C04F79EFBC}") = "FLAT-Dreams.Plugins", "FLAT-Dreams.Plugins.csproj", "{49D5B45A-CBAF-37D9-3BD1-EE38FC95F4A8}"
EndProject
Project("{FAE04EC0-301F-11D3-BF4B-00C04F79EFBC}") = "FLAT-Dreams", "FLAT-Dreams.csproj", "{66FF352D-EDC5-315F-6790-ACA7000B5FB3}"
EndProject
Project("{FAE04EC0-301F-11D3-BF4B-00C04F79EFBC}") = "FLAT-Dreams.Editor.Plugins", "FLAT-Dreams.Editor.Plugins.csproj", "{0081488C-7424-0429-B6F2-D958ACB87387}"
EndProject
Global
	GlobalSection(SolutionConfigurationPlatforms) = preSolution
		Debug|Any CPU = Debug|Any CPU
		Release|Any CPU = Release|Any CPU
	EndGlobalSection
	GlobalSection(ProjectConfigurationPlatforms) = postSolution
		{49D5B45A-CBAF-37D9-3BD1-EE38FC95F4A8}.Debug|Any CPU.ActiveCfg = Debug|Any CPU
		{49D5B45A-CBAF-37D9-3BD1-EE38FC95F4A8}.Debug|Any CPU.Build.0 = Debug|Any CPU
		{49D5B45A-CBAF-37D9-3BD1-EE38FC95F4A8}.Release|Any CPU.ActiveCfg = Release|Any CPU
		{49D5B45A-CBAF-37D9-3BD1-EE38FC95F4A8}.Release|Any CPU.Build.0 = Release|Any CPU
		{66FF352D-EDC5-315F-6790-ACA7000B5FB3}.Debug|Any CPU.ActiveCfg = Debug|Any CPU
		{66FF352D-EDC5-315F-6790-ACA7000B5FB3}.Debug|Any CPU.Build.0 = Debug|Any CPU
		{66FF352D-EDC5-315F-6790-ACA7000B5FB3}.Release|Any CPU.ActiveCfg = Release|Any CPU
		{66FF352D-EDC5-315F-6790-ACA7000B5FB3}.Release|Any CPU.Build.0 = Release|Any CPU
		{0081488C-7424-0429-B6F2-D958ACB87387}.Debug|Any CPU.ActiveCfg = Debug|Any CPU
		{0081488C-7424-0429-B6F2-D958ACB87387}.Debug|Any CPU.Build.0 = Debug|Any CPU
		{0081488C-7424-0429-B6F2-D958ACB87387}.Release|Any CPU.ActiveCfg = Release|Any CPU
		{0081488C-7424-0429-B6F2-D958ACB87387}.Release|Any CPU.Build.0 = Release|Any CPU
	EndGlobalSection
	GlobalSection(SolutionProperties) = preSolution
		HideSolutionNode = FALSE
	EndGlobalSection
EndGlobal
